
Microsoft Visual Studio Solution File, Format Version 12.00
# Visual Studio Version 16
VisualStudioVersion = 16.0.29409.12
MinimumVisualStudioVersion = 10.0.40219.1
Project("{9A19103F-16F7-4668-BE54-9A1E7A4F7556}") = "uGovernor", "uGovernor\uGovernor.csproj", "{02684B6B-AC84-4268-83A1-7F2727E4E5F4}"
EndProject
Global
	GlobalSection(SolutionConfigurationPlatforms) = preSolution
		Debug|Any CPU = Debug|Any CPU
		Release|Any CPU = Release|Any CPU
	EndGlobalSection
	GlobalSection(ProjectConfigurationPlatforms) = postSolution
		{02684B6B-AC84-4268-83A1-7F2727E4E5F4}.Debug|Any CPU.ActiveCfg = Debug|Any CPU
		{02684B6B-AC84-4268-83A1-7F2727E4E5F4}.Debug|Any CPU.Build.0 = Debug|Any CPU
		{02684B6B-AC84-4268-83A1-7F2727E4E5F4}.Release|Any CPU.ActiveCfg = Release|Any CPU
		{02684B6B-AC84-4268-83A1-7F2727E4E5F4}.Release|Any CPU.Build.0 = Release|Any CPU
	EndGlobalSection
	GlobalSection(SolutionProperties) = preSolution
		HideSolutionNode = FALSE
	EndGlobalSection
	GlobalSection(ExtensibilityGlobals) = postSolution
		SolutionGuid = {E06D8555-D0D8-4B47-A3E9-B7BC77150726}
	EndGlobalSection
EndGlobal
